// !$*UTF8*$!
{
	archiveVersion = 1;
	classes = {
	};
	objectVersion = 48;
	objects = {

/* Begin PBXBuildFile section */
		AE9E26381FB19BA5006E8BCB /* AppDelegate.swift in Sources */ = {isa = PBXBuildFile; fileRef = AE9E26371FB19BA5006E8BCB /* AppDelegate.swift */; };
		AE9E263A1FB19BA6006E8BCB /* GameScene.sks in Resources */ = {isa = PBXBuildFile; fileRef = AE9E26391FB19BA6006E8BCB /* GameScene.sks */; };
		AE9E263C1FB19BA6006E8BCB /* Actions.sks in Resources */ = {isa = PBXBuildFile; fileRef = AE9E263B1FB19BA6006E8BCB /* Actions.sks */; };
		AE9E263E1FB19BA6006E8BCB /* GameScene.swift in Sources */ = {isa = PBXBuildFile; fileRef = AE9E263D1FB19BA6006E8BCB /* GameScene.swift */; };
		AE9E26401FB19BA6006E8BCB /* GameViewController.swift in Sources */ = {isa = PBXBuildFile; fileRef = AE9E263F1FB19BA6006E8BCB /* GameViewController.swift */; };
		AE9E26431FB19BA6006E8BCB /* Main.storyboard in Resources */ = {isa = PBXBuildFile; fileRef = AE9E26411FB19BA6006E8BCB /* Main.storyboard */; };
		AE9E26451FB19BA6006E8BCB /* Assets.xcassets in Resources */ = {isa = PBXBuildFile; fileRef = AE9E26441FB19BA6006E8BCB /* Assets.xcassets */; };
		AE9E26481FB19BA6006E8BCB /* LaunchScreen.storyboard in Resources */ = {isa = PBXBuildFile; fileRef = AE9E26461FB19BA6006E8BCB /* LaunchScreen.storyboard */; };
/* End PBXBuildFile section */

/* Begin PBXFileReference section */
		AE9E26341FB19BA5006E8BCB /* MJFlappyBirdDemo.app */ = {isa = PBXFileReference; explicitFileType = wrapper.application; includeInIndex = 0; path = MJFlappyBirdDemo.app; sourceTree = BUILT_PRODUCTS_DIR; };
		AE9E26371FB19BA5006E8BCB /* AppDelegate.swift */ = {isa = PBXFileReference; lastKnownFileType = sourcecode.swift; path = AppDelegate.swift; sourceTree = "<group>"; };
		AE9E26391FB19BA6006E8BCB /* GameScene.sks */ = {isa = PBXFileReference; lastKnownFileType = file.sks; path = GameScene.sks; sourceTree = "<group>"; };
		AE9E263B1FB19BA6006E8BCB /* Actions.sks */ = {isa = PBXFileReference; lastKnownFileType = file.sks; path = Actions.sks; sourceTree = "<group>"; };
		AE9E263D1FB19BA6006E8BCB /* GameScene.swift */ = {isa = PBXFileReference; lastKnownFileType = sourcecode.swift; path = GameScene.swift; sourceTree = "<group>"; };
		AE9E263F1FB19BA6006E8BCB /* GameViewController.swift */ = {isa = PBXFileReference; lastKnownFileType = sourcecode.swift; path = GameViewController.swift; sourceTree = "<group>"; };
		AE9E26421FB19BA6006E8BCB /* Base */ = {isa = PBXFileReference; lastKnownFileType = file.storyboard; name = Base; path = Base.lproj/Main.storyboard; sourceTree = "<group>"; };
		AE9E26441FB19BA6006E8BCB /* Assets.xcassets */ = {isa = PBXFileReference; lastKnownFileType = folder.assetcatalog; path = Assets.xcassets; sourceTree = "<group>"; };
		AE9E26471FB19BA6006E8BCB /* Base */ = {isa = PBXFileReference; lastKnownFileType = file.storyboard; name = Base; path = Base.lproj/LaunchScreen.storyboard; sourceTree = "<group>"; };
		AE9E26491FB19BA6006E8BCB /* Info.plist */ = {isa = PBXFileReference; lastKnownFileType = text.plist.xml; path = Info.plist; sourceTree = "<group>"; };
/* End PBXFileReference section */

/* Begin PBXFrameworksBuildPhase section */
		AE9E26311FB19BA5006E8BCB /* Frameworks */ = {
			isa = PBXFrameworksBuildPhase;
			buildActionMask = 2147483647;
			files = (
			);
			runOnlyForDeploymentPostprocessing = 0;
		};
/* End PBXFrameworksBuildPhase section */

/* Begin PBXGroup section */
		AE9E262B1FB19BA5006E8BCB = {
			isa = PBXGroup;
			children = (
				AE9E26361FB19BA5006E8BCB /* MJFlappyBirdDemo */,
				AE9E26351FB19BA5006E8BCB /* Products */,
			);
			sourceTree = "<group>";
		};
		AE9E26351FB19BA5006E8BCB /* Products */ = {
			isa = PBXGroup;
			children = (
				AE9E26341FB19BA5006E8BCB /* MJFlappyBirdDemo.app */,
			);
			name = Products;
			sourceTree = "<group>";
		};
		AE9E26361FB19BA5006E8BCB /* MJFlappyBirdDemo */ = {
			isa = PBXGroup;
			children = (
				AE9E26371FB19BA5006E8BCB /* AppDelegate.swift */,
				AE9E26391FB19BA6006E8BCB /* GameScene.sks */,
				AE9E263B1FB19BA6006E8BCB /* Actions.sks */,
				AE9E263D1FB19BA6006E8BCB /* GameScene.swift */,
				AE9E263F1FB19BA6006E8BCB /* GameViewController.swift */,
				AE9E26411FB19BA6006E8BCB /* Main.storyboard */,
				AE9E26441FB19BA6006E8BCB /* Assets.xcassets */,
				AE9E26461FB19BA6006E8BCB /* LaunchScreen.storyboard */,
				AE9E26491FB19BA6006E8BCB /* Info.plist */,
			);
			path = MJFlappyBirdDemo;
			sourceTree = "<group>";
		};
/* End PBXGroup section */

/* Begin PBXNativeTarget section */
		AE9E26331FB19BA5006E8BCB /* MJFlappyBirdDemo */ = {
			isa = PBXNativeTarget;
			buildConfigurationList = AE9E264C1FB19BA6006E8BCB /* Build configuration list for PBXNativeTarget "MJFlappyBirdDemo" */;
			buildPhases = (
				AE9E26301FB19BA5006E8BCB /* Sources */,
				AE9E26311FB19BA5006E8BCB /* Frameworks */,
				AE9E26321FB19BA5006E8BCB /* Resources */,
			);
			buildRules = (
			);
			dependencies = (
			);
			name = MJFlappyBirdDemo;
			productName = MJFlappyBirdDemo;
			productReference = AE9E26341FB19BA5006E8BCB /* MJFlappyBirdDemo.app */;
			productType = "com.apple.product-type.application";
		};
/* End PBXNativeTarget section */

/* Begin PBXProject section */
		AE9E262C1FB19BA5006E8BCB /* Project object */ = {
			isa = PBXProject;
			attributes = {
				LastSwiftUpdateCheck = 0900;
				LastUpgradeCheck = 0900;
				ORGANIZATIONNAME = JingJing_Lin;
				TargetAttributes = {
					AE9E26331FB19BA5006E8BCB = {
						CreatedOnToolsVersion = 9.0;
						ProvisioningStyle = Automatic;
					};
				};
			};
			buildConfigurationList = AE9E262F1FB19BA5006E8BCB /* Build configuration list for PBXProject "MJFlappyBirdDemo" */;
			compatibilityVersion = "Xcode 8.0";
			developmentRegion = en;
			hasScannedForEncodings = 0;
			knownRegions = (
				en,
				Base,
			);
			mainGroup = AE9E262B1FB19BA5006E8BCB;
			productRefGroup = AE9E26351FB19BA5006E8BCB /* Products */;
			projectDirPath = "";
			projectRoot = "";
			targets = (
				AE9E26331FB19BA5006E8BCB /* MJFlappyBirdDemo */,
			);
		};
/* End PBXProject section */

/* Begin PBXResourcesBuildPhase section */
		AE9E26321FB19BA5006E8BCB /* Resources */ = {
			isa = PBXResourcesBuildPhase;
			buildActionMask = 2147483647;
			files = (
				AE9E26431FB19BA6006E8BCB /* Main.storyboard in Resources */,
				AE9E263A1FB19BA6006E8BCB /* GameScene.sks in Resources */,
				AE9E26451FB19BA6006E8BCB /* Assets.xcassets in Resources */,
				AE9E26481FB19BA6006E8BCB /* LaunchScreen.storyboard in Resources */,
				AE9E263C1FB19BA6006E8BCB /* Actions.sks in Resources */,
			);
			runOnlyForDeploymentPostprocessing = 0;
		};
/* End PBXResourcesBuildPhase section */

/* Begin PBXSourcesBuildPhase section */
		AE9E26301FB19BA5006E8BCB /* Sources */ = {
			isa = PBXSourcesBuildPhase;
			buildActionMask = 2147483647;
			files = (
				AE9E263E1FB19BA6006E8BCB /* GameScene.swift in Sources */,
				AE9E26401FB19BA6006E8BCB /* GameViewController.swift in Sources */,
				AE9E26381FB19BA5006E8BCB /* AppDelegate.swift in Sources */,
			);
			runOnlyForDeploymentPostprocessing = 0;
		};
/* End PBXSourcesBuildPhase section */

/* Begin PBXVariantGroup section */
		AE9E26411FB19BA6006E8BCB /* Main.storyboard */ = {
			isa = PBXVariantGroup;
			children = (
				AE9E26421FB19BA6006E8BCB /* Base */,
			);
			name = Main.storyboard;
			sourceTree = "<group>";
		};
		AE9E26461FB19BA6006E8BCB /* LaunchScreen.storyboard */ = {
			isa = PBXVariantGroup;
			children = (
				AE9E26471FB19BA6006E8BCB /* Base */,
			);
			name = LaunchScreen.storyboard;
			sourceTree = "<group>";
		};
/* End PBXVariantGroup section */

/* Begin XCBuildConfiguration section */
		AE9E264A1FB19BA6006E8BCB /* Debug */ = {
			isa = XCBuildConfiguration;
			buildSettings = {
				ALWAYS_SEARCH_USER_PATHS = NO;
				CLANG_ANALYZER_NONNULL = YES;
				CLANG_ANALYZER_NUMBER_OBJECT_CONVERSION = YES_AGGRESSIVE;
				CLANG_CXX_LANGUAGE_STANDARD = "gnu++14";
				CLANG_CXX_LIBRARY = "libc++";
				CLANG_ENABLE_MODULES = YES;
				CLANG_ENABLE_OBJC_ARC = YES;
				CLANG_WARN_BLOCK_CAPTURE_AUTORELEASING = YES;
				CLANG_WARN_BOOL_CONVERSION = YES;
				CLANG_WARN_COMMA = YES;
				CLANG_WARN_CONSTANT_CONVERSION = YES;
				CLANG_WARN_DIRECT_OBJC_ISA_USAGE = YES_ERROR;
				CLANG_WARN_DOCUMENTATION_COMMENTS = YES;
				CLANG_WARN_EMPTY_BODY = YES;
				CLANG_WARN_ENUM_CONVERSION = YES;
				CLANG_WARN_INFINITE_RECURSION = YES;
				CLANG_WARN_INT_CONVERSION = YES;
				CLANG_WARN_NON_LITERAL_NULL_CONVERSION = YES;
				CLANG_WARN_OBJC_LITERAL_CONVERSION = YES;
				CLANG_WARN_OBJC_ROOT_CLASS = YES_ERROR;
				CLANG_WARN_RANGE_LOOP_ANALYSIS = YES;
				CLANG_WARN_STRICT_PROTOTYPES = YES;
				CLANG_WARN_SUSPICIOUS_MOVE = YES;
				CLANG_WARN_UNGUARDED_AVAILABILITY = YES_AGGRESSIVE;
				CLANG_WARN_UNREACHABLE_CODE = YES;
				CLANG_WARN__DUPLICATE_METHOD_MATCH = YES;
				CODE_SIGN_IDENTITY = "iPhone Developer";
				COPY_PHASE_STRIP = NO;
				DEBUG_INFORMATION_FORMAT = dwarf;
				ENABLE_STRICT_OBJC_MSGSEND = YES;
				ENABLE_TESTABILITY = YES;
				GCC_C_LANGUAGE_STANDARD = gnu11;
				GCC_DYNAMIC_NO_PIC = NO;
				GCC_NO_COMMON_BLOCKS = YES;
				GCC_OPTIMIZATION_LEVEL = 0;
				GCC_PREPROCESSOR_DEFINITIONS = (
					"DEBUG=1",
					"$(inherited)",
				);
				GCC_WARN_64_TO_32_BIT_CONVERSION = YES;
				GCC_WARN_ABOUT_RETURN_TYPE = YES_ERROR;
				GCC_WARN_UNDECLARED_SELECTOR = YES;
				GCC_WARN_UNINITIALIZED_AUTOS = YES_AGGRESSIVE;
				GCC_WARN_UNUSED_FUNCTION = YES;
				GCC_WARN_UNUSED_VARIABLE = YES;
				IPHONEOS_DEPLOYMENT_TARGET = 11.0;
				MTL_ENABLE_DEBUG_INFO = YES;
				ONLY_ACTIVE_ARCH = YES;
				SDKROOT = iphoneos;
				SWIFT_ACTIVE_COMPILATION_CONDITIONS = DEBUG;
				SWIFT_OPTIMIZATION_LEVEL = "-Onone";
			};
			name = Debug;
		};
		AE9E264B1FB19BA6006E8BCB /* Release */ = {
			isa = XCBuildConfiguration;
			buildSettings = {
				ALWAYS_SEARCH_USER_PATHS = NO;
				CLANG_ANALYZER_NONNULL = YES;
				CLANG_ANALYZER_NUMBER_OBJECT_CONVERSION = YES_AGGRESSIVE;
				CLANG_CXX_LANGUAGE_STANDARD = "gnu++14";
				CLANG_CXX_LIBRARY = "libc++";
				CLANG_ENABLE_MODULES = YES;
				CLANG_ENABLE_OBJC_ARC = YES;
				CLANG_WARN_BLOCK_CAPTURE_AUTORELEASING = YES;
				CLANG_WARN_BOOL_CONVERSION = YES;
				CLANG_WARN_COMMA = YES;
				CLANG_WARN_CONSTANT_CONVERSION = YES;
				CLANG_WARN_DIRECT_OBJC_ISA_USAGE = YES_ERROR;
				CLANG_WARN_DOCUMENTATION_COMMENTS = YES;
				CLANG_WARN_EMPTY_BODY = YES;
				CLANG_WARN_ENUM_CONVERSION = YES;
				CLANG_WARN_INFINITE_RECURSION = YES;
				CLANG_WARN_INT_CONVERSION = YES;
				CLANG_WARN_NON_LITERAL_NULL_CONVERSION = YES;
				CLANG_WARN_OBJC_LITERAL_CONVERSION = YES;
				CLANG_WARN_OBJC_ROOT_CLASS = YES_ERROR;
				CLANG_WARN_RANGE_LOOP_ANALYSIS = YES;
				CLANG_WARN_STRICT_PROTOTYPES = YES;
				CLANG_WARN_SUSPICIOUS_MOVE = YES;
				CLANG_WARN_UNGUARDED_AVAILABILITY = YES_AGGRESSIVE;
				CLANG_WARN_UNREACHABLE_CODE = YES;
				CLANG_WARN__DUPLICATE_METHOD_MATCH = YES;
				CODE_SIGN_IDENTITY = "iPhone Developer";
				COPY_PHASE_STRIP = NO;
				DEBUG_INFORMATION_FORMAT = "dwarf-with-dsym";
				ENABLE_NS_ASSERTIONS = NO;
				ENABLE_STRICT_OBJC_MSGSEND = YES;
				GCC_C_LANGUAGE_STANDARD = gnu11;
				GCC_NO_COMMON_BLOCKS = YES;
				GCC_WARN_64_TO_32_BIT_CONVERSION = YES;
				GCC_WARN_ABOUT_RETURN_TYPE = YES_ERROR;
				GCC_WARN_UNDECLARED_SELECTOR = YES;
				GCC_WARN_UNINITIALIZED_AUTOS = YES_AGGRESSIVE;
				GCC_WARN_UNUSED_FUNCTION = YES;
				GCC_WARN_UNUSED_VARIABLE = YES;
				IPHONEOS_DEPLOYMENT_TARGET = 11.0;
				MTL_ENABLE_DEBUG_INFO = NO;
				SDKROOT = iphoneos;
				SWIFT_OPTIMIZATION_LEVEL = "-Owholemodule";
				VALIDATE_PRODUCT = YES;
			};
			name = Release;
		};
		AE9E264D1FB19BA6006E8BCB /* Debug */ = {
			isa = XCBuildConfiguration;
			buildSettings = {
				ASSETCATALOG_COMPILER_APPICON_NAME = AppIcon;
				CODE_SIGN_STYLE = Automatic;
				DEVELOPMENT_TEAM = H2538H4P3P;
				INFOPLIST_FILE = MJFlappyBirdDemo/Info.plist;
				LD_RUNPATH_SEARCH_PATHS = "$(inherited) @executable_path/Frameworks";
				PRODUCT_BUNDLE_IDENTIFIER = com.test.MJFlappyBirdDemo;
				PRODUCT_NAME = "$(TARGET_NAME)";
				SWIFT_VERSION = 4.0;
				TARGETED_DEVICE_FAMILY = "1,2";
			};
			name = Debug;
		};
		AE9E264E1FB19BA6006E8BCB /* Release */ = {
			isa = XCBuildConfiguration;
			buildSettings = {
				ASSETCATALOG_COMPILER_APPICON_NAME = AppIcon;
				CODE_SIGN_STYLE = Automatic;
				DEVELOPMENT_TEAM = H2538H4P3P;
				INFOPLIST_FILE = MJFlappyBirdDemo/Info.plist;
				LD_RUNPATH_SEARCH_PATHS = "$(inherited) @executable_path/Frameworks";
				PRODUCT_BUNDLE_IDENTIFIER = com.test.MJFlappyBirdDemo;
				PRODUCT_NAME = "$(TARGET_NAME)";
				SWIFT_VERSION = 4.0;
				TARGETED_DEVICE_FAMILY = "1,2";
			};
			name = Release;
		};
/* End XCBuildConfiguration section */

/* Begin XCConfigurationList section */
		AE9E262F1FB19BA5006E8BCB /* Build configuration list for PBXProject "MJFlappyBirdDemo" */ = {
			isa = XCConfigurationList;
			buildConfigurations = (
				AE9E264A1FB19BA6006E8BCB /* Debug */,
				AE9E264B1FB19BA6006E8BCB /* Release */,
			);
			defaultConfigurationIsVisible = 0;
			defaultConfigurationName = Release;
		};
		AE9E264C1FB19BA6006E8BCB /* Build configuration list for PBXNativeTarget "MJFlappyBirdDemo" */ = {
			isa = XCConfigurationList;
			buildConfigurations = (
				AE9E264D1FB19BA6006E8BCB /* Debug */,
				AE9E264E1FB19BA6006E8BCB /* Release */,
			);
			defaultConfigurationIsVisible = 0;
			defaultConfigurationName = Release;
		};
/* End XCConfigurationList section */
	};
	rootObject = AE9E262C1FB19BA5006E8BCB /* Project object */;
}
